// !$*UTF8*$!
{
	archiveVersion = 1;
	classes = {
	};
	objectVersion = 46;
	objects = {

/* Begin PBXBuildFile section */
		336C3F8E20467F3B005E74B5 /* PresentConfig.swift in Sources */ = {isa = PBXBuildFile; fileRef = 336C3F8D20467F3B005E74B5 /* PresentConfig.swift */; };
		336C3F9020467FEE005E74B5 /* BasePresentationController.swift in Sources */ = {isa = PBXBuildFile; fileRef = 336C3F8F20467FEE005E74B5 /* BasePresentationController.swift */; };
		336C3F96204681C3005E74B5 /* DialogConfig.swift in Sources */ = {isa = PBXBuildFile; fileRef = 336C3F91204681C2005E74B5 /* DialogConfig.swift */; };
		336C3F97204681C3005E74B5 /* DialogPresentationController.swift in Sources */ = {isa = PBXBuildFile; fileRef = 336C3F92204681C2005E74B5 /* DialogPresentationController.swift */; };
		336C3F9A204681C3005E74B5 /* DialogTransition.swift in Sources */ = {isa = PBXBuildFile; fileRef = 336C3F95204681C2005E74B5 /* DialogTransition.swift */; };
		336C3F9C204682CA005E74B5 /* BasePresentTransition.swift in Sources */ = {isa = PBXBuildFile; fileRef = 336C3F9B204682CA005E74B5 /* BasePresentTransition.swift */; };
		336C3F9E204684CC005E74B5 /* XBPresentAnimator.swift in Sources */ = {isa = PBXBuildFile; fileRef = 336C3F9D204684CC005E74B5 /* XBPresentAnimator.swift */; };
		336C3FA020468574005E74B5 /* UIViewController+Dialog.swift in Sources */ = {isa = PBXBuildFile; fileRef = 336C3F9F20468574005E74B5 /* UIViewController+Dialog.swift */; };
		336C3FA42046A634005E74B5 /* MenuConfig.swift in Sources */ = {isa = PBXBuildFile; fileRef = 336C3FA32046A634005E74B5 /* MenuConfig.swift */; };
		336C3FA62046A789005E74B5 /* MenuPresentationController.swift in Sources */ = {isa = PBXBuildFile; fileRef = 336C3FA52046A789005E74B5 /* MenuPresentationController.swift */; };
		336C3FA82046A824005E74B5 /* MenuTransition.swift in Sources */ = {isa = PBXBuildFile; fileRef = 336C3FA72046A824005E74B5 /* MenuTransition.swift */; };
		33A605731EE7EE400023A3D2 /* AppDelegate.swift in Sources */ = {isa = PBXBuildFile; fileRef = 33A605721EE7EE400023A3D2 /* AppDelegate.swift */; };
		33A605751EE7EE400023A3D2 /* ViewController.swift in Sources */ = {isa = PBXBuildFile; fileRef = 33A605741EE7EE400023A3D2 /* ViewController.swift */; };
		33A605781EE7EE400023A3D2 /* Main.storyboard in Resources */ = {isa = PBXBuildFile; fileRef = 33A605761EE7EE400023A3D2 /* Main.storyboard */; };
		33A6057A1EE7EE400023A3D2 /* Assets.xcassets in Resources */ = {isa = PBXBuildFile; fileRef = 33A605791EE7EE400023A3D2 /* Assets.xcassets */; };
		33A6057D1EE7EE400023A3D2 /* LaunchScreen.storyboard in Resources */ = {isa = PBXBuildFile; fileRef = 33A6057B1EE7EE400023A3D2 /* LaunchScreen.storyboard */; };
/* End PBXBuildFile section */

/* Begin PBXFileReference section */
		336C3F8D20467F3B005E74B5 /* PresentConfig.swift */ = {isa = PBXFileReference; lastKnownFileType = sourcecode.swift; path = PresentConfig.swift; sourceTree = "<group>"; };
		336C3F8F20467FEE005E74B5 /* BasePresentationController.swift */ = {isa = PBXFileReference; lastKnownFileType = sourcecode.swift; path = BasePresentationController.swift; sourceTree = "<group>"; };
		336C3F91204681C2005E74B5 /* DialogConfig.swift */ = {isa = PBXFileReference; fileEncoding = 4; lastKnownFileType = sourcecode.swift; path = DialogConfig.swift; sourceTree = "<group>"; };
		336C3F92204681C2005E74B5 /* DialogPresentationController.swift */ = {isa = PBXFileReference; fileEncoding = 4; lastKnownFileType = sourcecode.swift; path = DialogPresentationController.swift; sourceTree = "<group>"; };
		336C3F95204681C2005E74B5 /* DialogTransition.swift */ = {isa = PBXFileReference; fileEncoding = 4; lastKnownFileType = sourcecode.swift; path = DialogTransition.swift; sourceTree = "<group>"; };
		336C3F9B204682CA005E74B5 /* BasePresentTransition.swift */ = {isa = PBXFileReference; lastKnownFileType = sourcecode.swift; path = BasePresentTransition.swift; sourceTree = "<group>"; };
		336C3F9D204684CC005E74B5 /* XBPresentAnimator.swift */ = {isa = PBXFileReference; lastKnownFileType = sourcecode.swift; path = XBPresentAnimator.swift; sourceTree = "<group>"; };
		336C3F9F20468574005E74B5 /* UIViewController+Dialog.swift */ = {isa = PBXFileReference; lastKnownFileType = sourcecode.swift; path = "UIViewController+Dialog.swift"; sourceTree = "<group>"; };
		336C3FA32046A634005E74B5 /* MenuConfig.swift */ = {isa = PBXFileReference; lastKnownFileType = sourcecode.swift; path = MenuConfig.swift; sourceTree = "<group>"; };
		336C3FA52046A789005E74B5 /* MenuPresentationController.swift */ = {isa = PBXFileReference; lastKnownFileType = sourcecode.swift; path = MenuPresentationController.swift; sourceTree = "<group>"; };
		336C3FA72046A824005E74B5 /* MenuTransition.swift */ = {isa = PBXFileReference; lastKnownFileType = sourcecode.swift; path = MenuTransition.swift; sourceTree = "<group>"; };
		33A6056F1EE7EE400023A3D2 /* XBDialog.app */ = {isa = PBXFileReference; explicitFileType = wrapper.application; includeInIndex = 0; path = XBDialog.app; sourceTree = BUILT_PRODUCTS_DIR; };
		33A605721EE7EE400023A3D2 /* AppDelegate.swift */ = {isa = PBXFileReference; lastKnownFileType = sourcecode.swift; path = AppDelegate.swift; sourceTree = "<group>"; };
		33A605741EE7EE400023A3D2 /* ViewController.swift */ = {isa = PBXFileReference; lastKnownFileType = sourcecode.swift; path = ViewController.swift; sourceTree = "<group>"; };
		33A605771EE7EE400023A3D2 /* Base */ = {isa = PBXFileReference; lastKnownFileType = file.storyboard; name = Base; path = Base.lproj/Main.storyboard; sourceTree = "<group>"; };
		33A605791EE7EE400023A3D2 /* Assets.xcassets */ = {isa = PBXFileReference; lastKnownFileType = folder.assetcatalog; path = Assets.xcassets; sourceTree = "<group>"; };
		33A6057C1EE7EE400023A3D2 /* Base */ = {isa = PBXFileReference; lastKnownFileType = file.storyboard; name = Base; path = Base.lproj/LaunchScreen.storyboard; sourceTree = "<group>"; };
		33A6057E1EE7EE400023A3D2 /* Info.plist */ = {isa = PBXFileReference; lastKnownFileType = text.plist.xml; path = Info.plist; sourceTree = "<group>"; };
/* End PBXFileReference section */

/* Begin PBXFrameworksBuildPhase section */
		33A6056C1EE7EE400023A3D2 /* Frameworks */ = {
			isa = PBXFrameworksBuildPhase;
			buildActionMask = 2147483647;
			files = (
			);
			runOnlyForDeploymentPostprocessing = 0;
		};
/* End PBXFrameworksBuildPhase section */

/* Begin PBXGroup section */
		336C3F8B20467E64005E74B5 /* Dialog */ = {
			isa = PBXGroup;
			children = (
				336C3F91204681C2005E74B5 /* DialogConfig.swift */,
				336C3F92204681C2005E74B5 /* DialogPresentationController.swift */,
				336C3F95204681C2005E74B5 /* DialogTransition.swift */,
			);
			path = Dialog;
			sourceTree = "<group>";
		};
		336C3FA22046A61F005E74B5 /* Menu */ = {
			isa = PBXGroup;
			children = (
				336C3FA32046A634005E74B5 /* MenuConfig.swift */,
				336C3FA52046A789005E74B5 /* MenuPresentationController.swift */,
				336C3FA72046A824005E74B5 /* MenuTransition.swift */,
			);
			path = Menu;
			sourceTree = "<group>";
		};
		33A605661EE7EE400023A3D2 = {
			isa = PBXGroup;
			children = (
				33A605711EE7EE400023A3D2 /* XBDialog */,
				33A605701EE7EE400023A3D2 /* Products */,
			);
			sourceTree = "<group>";
		};
		33A605701EE7EE400023A3D2 /* Products */ = {
			isa = PBXGroup;
			children = (
				33A6056F1EE7EE400023A3D2 /* XBDialog.app */,
			);
			name = Products;
			sourceTree = "<group>";
		};
		33A605711EE7EE400023A3D2 /* XBDialog */ = {
			isa = PBXGroup;
			children = (
				33A6058F1EE7F3310023A3D2 /* Classes */,
				33A605721EE7EE400023A3D2 /* AppDelegate.swift */,
				33A605741EE7EE400023A3D2 /* ViewController.swift */,
				33A605761EE7EE400023A3D2 /* Main.storyboard */,
				33A605791EE7EE400023A3D2 /* Assets.xcassets */,
				33A6057B1EE7EE400023A3D2 /* LaunchScreen.storyboard */,
				33A6057E1EE7EE400023A3D2 /* Info.plist */,
			);
			path = XBDialog;
			sourceTree = "<group>";
		};
		33A6058F1EE7F3310023A3D2 /* Classes */ = {
			isa = PBXGroup;
			children = (
				336C3F8D20467F3B005E74B5 /* PresentConfig.swift */,
				336C3F8F20467FEE005E74B5 /* BasePresentationController.swift */,
				336C3F9B204682CA005E74B5 /* BasePresentTransition.swift */,
				336C3F9D204684CC005E74B5 /* XBPresentAnimator.swift */,
				336C3F9F20468574005E74B5 /* UIViewController+Dialog.swift */,
				336C3FA22046A61F005E74B5 /* Menu */,
				336C3F8B20467E64005E74B5 /* Dialog */,
			);
			path = Classes;
			sourceTree = "<group>";
		};
/* End PBXGroup section */

/* Begin PBXNativeTarget section */
		33A6056E1EE7EE400023A3D2 /* XBDialog */ = {
			isa = PBXNativeTarget;
			buildConfigurationList = 33A605811EE7EE400023A3D2 /* Build configuration list for PBXNativeTarget "XBDialog" */;
			buildPhases = (
				33A6056B1EE7EE400023A3D2 /* Sources */,
				33A6056C1EE7EE400023A3D2 /* Frameworks */,
				33A6056D1EE7EE400023A3D2 /* Resources */,
			);
			buildRules = (
			);
			dependencies = (
			);
			name = XBDialog;
			productName = XBDialog;
			productReference = 33A6056F1EE7EE400023A3D2 /* XBDialog.app */;
			productType = "com.apple.product-type.application";
		};
/* End PBXNativeTarget section */

/* Begin PBXProject section */
		33A605671EE7EE400023A3D2 /* Project object */ = {
			isa = PBXProject;
			attributes = {
				LastSwiftUpdateCheck = 0830;
				LastUpgradeCheck = 0900;
				ORGANIZATIONNAME = Sky;
				TargetAttributes = {
					33A6056E1EE7EE400023A3D2 = {
						CreatedOnToolsVersion = 8.3.1;
						DevelopmentTeam = BU9U9E5458;
						ProvisioningStyle = Automatic;
					};
				};
			};
			buildConfigurationList = 33A6056A1EE7EE400023A3D2 /* Build configuration list for PBXProject "XBDialog" */;
			compatibilityVersion = "Xcode 3.2";
			developmentRegion = English;
			hasScannedForEncodings = 0;
			knownRegions = (
				en,
				Base,
			);
			mainGroup = 33A605661EE7EE400023A3D2;
			productRefGroup = 33A605701EE7EE400023A3D2 /* Products */;
			projectDirPath = "";
			projectRoot = "";
			targets = (
				33A6056E1EE7EE400023A3D2 /* XBDialog */,
			);
		};
/* End PBXProject section */

/* Begin PBXResourcesBuildPhase section */
		33A6056D1EE7EE400023A3D2 /* Resources */ = {
			isa = PBXResourcesBuildPhase;
			buildActionMask = 2147483647;
			files = (
				33A6057D1EE7EE400023A3D2 /* LaunchScreen.storyboard in Resources */,
				33A6057A1EE7EE400023A3D2 /* Assets.xcassets in Resources */,
				33A605781EE7EE400023A3D2 /* Main.storyboard in Resources */,
			);
			runOnlyForDeploymentPostprocessing = 0;
		};
/* End PBXResourcesBuildPhase section */

/* Begin PBXSourcesBuildPhase section */
		33A6056B1EE7EE400023A3D2 /* Sources */ = {
			isa = PBXSourcesBuildPhase;
			buildActionMask = 2147483647;
			files = (
				33A605751EE7EE400023A3D2 /* ViewController.swift in Sources */,
				336C3F9A204681C3005E74B5 /* DialogTransition.swift in Sources */,
				33A605731EE7EE400023A3D2 /* AppDelegate.swift in Sources */,
				336C3F96204681C3005E74B5 /* DialogConfig.swift in Sources */,
				336C3F97204681C3005E74B5 /* DialogPresentationController.swift in Sources */,
				336C3FA82046A824005E74B5 /* MenuTransition.swift in Sources */,
				336C3F9C204682CA005E74B5 /* BasePresentTransition.swift in Sources */,
				336C3F9020467FEE005E74B5 /* BasePresentationController.swift in Sources */,
				336C3FA020468574005E74B5 /* UIViewController+Dialog.swift in Sources */,
				336C3FA62046A789005E74B5 /* MenuPresentationController.swift in Sources */,
				336C3F9E204684CC005E74B5 /* XBPresentAnimator.swift in Sources */,
				336C3FA42046A634005E74B5 /* MenuConfig.swift in Sources */,
				336C3F8E20467F3B005E74B5 /* PresentConfig.swift in Sources */,
			);
			runOnlyForDeploymentPostprocessing = 0;
		};
/* End PBXSourcesBuildPhase section */

/* Begin PBXVariantGroup section */
		33A605761EE7EE400023A3D2 /* Main.storyboard */ = {
			isa = PBXVariantGroup;
			children = (
				33A605771EE7EE400023A3D2 /* Base */,
			);
			name = Main.storyboard;
			sourceTree = "<group>";
		};
		33A6057B1EE7EE400023A3D2 /* LaunchScreen.storyboard */ = {
			isa = PBXVariantGroup;
			children = (
				33A6057C1EE7EE400023A3D2 /* Base */,
			);
			name = LaunchScreen.storyboard;
			sourceTree = "<group>";
		};
/* End PBXVariantGroup section */

/* Begin XCBuildConfiguration section */
		33A6057F1EE7EE400023A3D2 /* Debug */ = {
			isa = XCBuildConfiguration;
			buildSettings = {
				ALWAYS_SEARCH_USER_PATHS = NO;
				CLANG_ANALYZER_NONNULL = YES;
				CLANG_ANALYZER_NUMBER_OBJECT_CONVERSION = YES_AGGRESSIVE;
				CLANG_CXX_LANGUAGE_STANDARD = "gnu++0x";
				CLANG_CXX_LIBRARY = "libc++";
				CLANG_ENABLE_MODULES = YES;
				CLANG_ENABLE_OBJC_ARC = YES;
				CLANG_WARN_BLOCK_CAPTURE_AUTORELEASING = YES;
				CLANG_WARN_BOOL_CONVERSION = YES;
				CLANG_WARN_COMMA = YES;
				CLANG_WARN_CONSTANT_CONVERSION = YES;
				CLANG_WARN_DIRECT_OBJC_ISA_USAGE = YES_ERROR;
				CLANG_WARN_DOCUMENTATION_COMMENTS = YES;
				CLANG_WARN_EMPTY_BODY = YES;
				CLANG_WARN_ENUM_CONVERSION = YES;
				CLANG_WARN_INFINITE_RECURSION = YES;
				CLANG_WARN_INT_CONVERSION = YES;
				CLANG_WARN_NON_LITERAL_NULL_CONVERSION = YES;
				CLANG_WARN_OBJC_LITERAL_CONVERSION = YES;
				CLANG_WARN_OBJC_ROOT_CLASS = YES_ERROR;
				CLANG_WARN_RANGE_LOOP_ANALYSIS = YES;
				CLANG_WARN_STRICT_PROTOTYPES = YES;
				CLANG_WARN_SUSPICIOUS_MOVE = YES;
				CLANG_WARN_UNREACHABLE_CODE = YES;
				CLANG_WARN__DUPLICATE_METHOD_MATCH = YES;
				"CODE_SIGN_IDENTITY[sdk=iphoneos*]" = "iPhone Developer";
				COPY_PHASE_STRIP = NO;
				DEBUG_INFORMATION_FORMAT = dwarf;
				ENABLE_STRICT_OBJC_MSGSEND = YES;
				ENABLE_TESTABILITY = YES;
				GCC_C_LANGUAGE_STANDARD = gnu99;
				GCC_DYNAMIC_NO_PIC = NO;
				GCC_NO_COMMON_BLOCKS = YES;
				GCC_OPTIMIZATION_LEVEL = 0;
				GCC_PREPROCESSOR_DEFINITIONS = (
					"DEBUG=1",
					"$(inherited)",
				);
				GCC_WARN_64_TO_32_BIT_CONVERSION = YES;
				GCC_WARN_ABOUT_RETURN_TYPE = YES_ERROR;
				GCC_WARN_UNDECLARED_SELECTOR = YES;
				GCC_WARN_UNINITIALIZED_AUTOS = YES_AGGRESSIVE;
				GCC_WARN_UNUSED_FUNCTION = YES;
				GCC_WARN_UNUSED_VARIABLE = YES;
				IPHONEOS_DEPLOYMENT_TARGET = 10.3;
				MTL_ENABLE_DEBUG_INFO = YES;
				ONLY_ACTIVE_ARCH = YES;
				SDKROOT = iphoneos;
				SWIFT_ACTIVE_COMPILATION_CONDITIONS = DEBUG;
				SWIFT_OPTIMIZATION_LEVEL = "-Onone";
				SWIFT_VERSION = 4.0;
				TARGETED_DEVICE_FAMILY = "1,2";
			};
			name = Debug;
		};
		33A605801EE7EE400023A3D2 /* Release */ = {
			isa = XCBuildConfiguration;
			buildSettings = {
				ALWAYS_SEARCH_USER_PATHS = NO;
				CLANG_ANALYZER_NONNULL = YES;
				CLANG_ANALYZER_NUMBER_OBJECT_CONVERSION = YES_AGGRESSIVE;
				CLANG_CXX_LANGUAGE_STANDARD = "gnu++0x";
				CLANG_CXX_LIBRARY = "libc++";
				CLANG_ENABLE_MODULES = YES;
				CLANG_ENABLE_OBJC_ARC = YES;
				CLANG_WARN_BLOCK_CAPTURE_AUTORELEASING = YES;
				CLANG_WARN_BOOL_CONVERSION = YES;
				CLANG_WARN_COMMA = YES;
				CLANG_WARN_CONSTANT_CONVERSION = YES;
				CLANG_WARN_DIRECT_OBJC_ISA_USAGE = YES_ERROR;
				CLANG_WARN_DOCUMENTATION_COMMENTS = YES;
				CLANG_WARN_EMPTY_BODY = YES;
				CLANG_WARN_ENUM_CONVERSION = YES;
				CLANG_WARN_INFINITE_RECURSION = YES;
				CLANG_WARN_INT_CONVERSION = YES;
				CLANG_WARN_NON_LITERAL_NULL_CONVERSION = YES;
				CLANG_WARN_OBJC_LITERAL_CONVERSION = YES;
				CLANG_WARN_OBJC_ROOT_CLASS = YES_ERROR;
				CLANG_WARN_RANGE_LOOP_ANALYSIS = YES;
				CLANG_WARN_STRICT_PROTOTYPES = YES;
				CLANG_WARN_SUSPICIOUS_MOVE = YES;
				CLANG_WARN_UNREACHABLE_CODE = YES;
				CLANG_WARN__DUPLICATE_METHOD_MATCH = YES;
				"CODE_SIGN_IDENTITY[sdk=iphoneos*]" = "iPhone Developer";
				COPY_PHASE_STRIP = NO;
				DEBUG_INFORMATION_FORMAT = "dwarf-with-dsym";
				ENABLE_NS_ASSERTIONS = NO;
				ENABLE_STRICT_OBJC_MSGSEND = YES;
				GCC_C_LANGUAGE_STANDARD = gnu99;
				GCC_NO_COMMON_BLOCKS = YES;
				GCC_WARN_64_TO_32_BIT_CONVERSION = YES;
				GCC_WARN_ABOUT_RETURN_TYPE = YES_ERROR;
				GCC_WARN_UNDECLARED_SELECTOR = YES;
				GCC_WARN_UNINITIALIZED_AUTOS = YES_AGGRESSIVE;
				GCC_WARN_UNUSED_FUNCTION = YES;
				GCC_WARN_UNUSED_VARIABLE = YES;
				IPHONEOS_DEPLOYMENT_TARGET = 10.3;
				MTL_ENABLE_DEBUG_INFO = NO;
				SDKROOT = iphoneos;
				SWIFT_OPTIMIZATION_LEVEL = "-Owholemodule";
				SWIFT_VERSION = 4.0;
				TARGETED_DEVICE_FAMILY = "1,2";
				VALIDATE_PRODUCT = YES;
			};
			name = Release;
		};
		33A605821EE7EE400023A3D2 /* Debug */ = {
			isa = XCBuildConfiguration;
			buildSettings = {
				ASSETCATALOG_COMPILER_APPICON_NAME = AppIcon;
				DEVELOPMENT_TEAM = BU9U9E5458;
				INFOPLIST_FILE = XBDialog/Info.plist;
				IPHONEOS_DEPLOYMENT_TARGET = 9.0;
				LD_RUNPATH_SEARCH_PATHS = "$(inherited) @executable_path/Frameworks";
				PRODUCT_BUNDLE_IDENTIFIER = com.mike.XBDialog;
				PRODUCT_NAME = "$(TARGET_NAME)";
				SWIFT_VERSION = 4.0;
			};
			name = Debug;
		};
		33A605831EE7EE400023A3D2 /* Release */ = {
			isa = XCBuildConfiguration;
			buildSettings = {
				ASSETCATALOG_COMPILER_APPICON_NAME = AppIcon;
				DEVELOPMENT_TEAM = BU9U9E5458;
				INFOPLIST_FILE = XBDialog/Info.plist;
				IPHONEOS_DEPLOYMENT_TARGET = 9.0;
				LD_RUNPATH_SEARCH_PATHS = "$(inherited) @executable_path/Frameworks";
				PRODUCT_BUNDLE_IDENTIFIER = com.mike.XBDialog;
				PRODUCT_NAME = "$(TARGET_NAME)";
				SWIFT_VERSION = 4.0;
			};
			name = Release;
		};
/* End XCBuildConfiguration section */

/* Begin XCConfigurationList section */
		33A6056A1EE7EE400023A3D2 /* Build configuration list for PBXProject "XBDialog" */ = {
			isa = XCConfigurationList;
			buildConfigurations = (
				33A6057F1EE7EE400023A3D2 /* Debug */,
				33A605801EE7EE400023A3D2 /* Release */,
			);
			defaultConfigurationIsVisible = 0;
			defaultConfigurationName = Release;
		};
		33A605811EE7EE400023A3D2 /* Build configuration list for PBXNativeTarget "XBDialog" */ = {
			isa = XCConfigurationList;
			buildConfigurations = (
				33A605821EE7EE400023A3D2 /* Debug */,
				33A605831EE7EE400023A3D2 /* Release */,
			);
			defaultConfigurationIsVisible = 0;
			defaultConfigurationName = Release;
		};
/* End XCConfigurationList section */
	};
	rootObject = 33A605671EE7EE400023A3D2 /* Project object */;
}
